
Microsoft Visual Studio Solution File, Format Version 12.00
# Visual Studio Version 17
VisualStudioVersion = 17.10.35013.160
MinimumVisualStudioVersion = 10.0.40219.1
Project("{FAE04EC0-301F-11D3-BF4B-00C04F79EFBC}") = "MauiAppTempoAgora", "MauiAppTempoAgora\MauiAppTempoAgora.csproj", "{58DD0E06-CDC2-4EC7-86CD-C56692955C83}"
EndProject
Global
	GlobalSection(SolutionConfigurationPlatforms) = preSolution
		Debug|Any CPU = Debug|Any CPU
		Release|Any CPU = Release|Any CPU
	EndGlobalSection
	GlobalSection(ProjectConfigurationPlatforms) = postSolution
		{58DD0E06-CDC2-4EC7-86CD-C56692955C83}.Debug|Any CPU.ActiveCfg = Debug|Any CPU
		{58DD0E06-CDC2-4EC7-86CD-C56692955C83}.Debug|Any CPU.Build.0 = Debug|Any CPU
		{58DD0E06-CDC2-4EC7-86CD-C56692955C83}.Debug|Any CPU.Deploy.0 = Debug|Any CPU
		{58DD0E06-CDC2-4EC7-86CD-C56692955C83}.Release|Any CPU.ActiveCfg = Release|Any CPU
		{58DD0E06-CDC2-4EC7-86CD-C56692955C83}.Release|Any CPU.Build.0 = Release|Any CPU
	EndGlobalSection
	GlobalSection(SolutionProperties) = preSolution
		HideSolutionNode = FALSE
	EndGlobalSection
	GlobalSection(ExtensibilityGlobals) = postSolution
		SolutionGuid = {A4B6063F-34FA-4E06-9E75-154C0CA95B72}
	EndGlobalSection
EndGlobal
